// !$*UTF8*$!
{
	archiveVersion = 1;
	classes = {
	};
	objectVersion = 46;
	objects = {

/* Begin PBXAggregateTarget section */
		"tinystore::TinyStorePackageTests::ProductTarget" /* TinyStorePackageTests */ = {
			isa = PBXAggregateTarget;
			buildConfigurationList = OBJ_38 /* Build configuration list for PBXAggregateTarget "TinyStorePackageTests" */;
			buildPhases = (
			);
			dependencies = (
				OBJ_41 /* PBXTargetDependency */,
			);
			name = TinyStorePackageTests;
			productName = TinyStorePackageTests;
		};
/* End PBXAggregateTarget section */

/* Begin PBXBuildFile section */
		4EB06A9D280AA2B700180E0D /* ProperyWrappers.swift in Sources */ = {isa = PBXBuildFile; fileRef = 4EB06A9C280AA2B700180E0D /* ProperyWrappers.swift */; };
		4EC3ACE12809B08900187C15 /* ScopeStoreTests.swift in Sources */ = {isa = PBXBuildFile; fileRef = 4EC3ACE02809B08900187C15 /* ScopeStoreTests.swift */; };
		4EECC5632806F1C5001058B3 /* Effect.swift in Sources */ = {isa = PBXBuildFile; fileRef = 4EECC5622806F1C5001058B3 /* Effect.swift */; };
		4EECC5652806F261001058B3 /* Hooks.swift in Sources */ = {isa = PBXBuildFile; fileRef = 4EECC5642806F261001058B3 /* Hooks.swift */; };
		4EECC5672806F742001058B3 /* ContextSwitching.swift in Sources */ = {isa = PBXBuildFile; fileRef = 4EECC5662806F742001058B3 /* ContextSwitching.swift */; };
		4EECC5692806FCA1001058B3 /* TinyEffectTests.swift in Sources */ = {isa = PBXBuildFile; fileRef = 4EECC5682806FCA1001058B3 /* TinyEffectTests.swift */; };
		4EECC56C2806FDBE001058B3 /* SimulateWait.swift in Sources */ = {isa = PBXBuildFile; fileRef = 4EECC56A2806FD71001058B3 /* SimulateWait.swift */; };
		4EECC56E28070AF3001058B3 /* Async.swift in Sources */ = {isa = PBXBuildFile; fileRef = 4EECC56D28070AF3001058B3 /* Async.swift */; };
		4EECC57028070B1D001058B3 /* AsyncEnumTypeTests.swift in Sources */ = {isa = PBXBuildFile; fileRef = 4EECC56F28070B1D001058B3 /* AsyncEnumTypeTests.swift */; };
		OBJ_26 /* EffectValue.swift in Sources */ = {isa = PBXBuildFile; fileRef = OBJ_9 /* EffectValue.swift */; };
		OBJ_27 /* ScopeStore.swift in Sources */ = {isa = PBXBuildFile; fileRef = OBJ_10 /* ScopeStore.swift */; };
		OBJ_28 /* State.swift in Sources */ = {isa = PBXBuildFile; fileRef = OBJ_11 /* State.swift */; };
		OBJ_29 /* Tiny.swift in Sources */ = {isa = PBXBuildFile; fileRef = OBJ_12 /* Tiny.swift */; };
		OBJ_36 /* Package.swift in Sources */ = {isa = PBXBuildFile; fileRef = OBJ_6 /* Package.swift */; };
		OBJ_47 /* TinyStateTests.swift in Sources */ = {isa = PBXBuildFile; fileRef = OBJ_15 /* TinyStateTests.swift */; };
		OBJ_49 /* TinyStore.framework in Frameworks */ = {isa = PBXBuildFile; fileRef = "tinystore::TinyStore::Product" /* TinyStore.framework */; };
/* End PBXBuildFile section */

/* Begin PBXContainerItemProxy section */
		4EECC5602806F1A4001058B3 /* PBXContainerItemProxy */ = {
			isa = PBXContainerItemProxy;
			containerPortal = OBJ_1 /* Project object */;
			proxyType = 1;
			remoteGlobalIDString = "tinystore::TinyStore";
			remoteInfo = TinyStore;
		};
		4EECC5612806F1A4001058B3 /* PBXContainerItemProxy */ = {
			isa = PBXContainerItemProxy;
			containerPortal = OBJ_1 /* Project object */;
			proxyType = 1;
			remoteGlobalIDString = "tinystore::TinyStoreTests";
			remoteInfo = TinyStoreTests;
		};
/* End PBXContainerItemProxy section */

/* Begin PBXFileReference section */
		4EB06A9C280AA2B700180E0D /* ProperyWrappers.swift */ = {isa = PBXFileReference; lastKnownFileType = sourcecode.swift; path = ProperyWrappers.swift; sourceTree = "<group>"; };
		4EC3ACE02809B08900187C15 /* ScopeStoreTests.swift */ = {isa = PBXFileReference; lastKnownFileType = sourcecode.swift; path = ScopeStoreTests.swift; sourceTree = "<group>"; };
		4EECC5622806F1C5001058B3 /* Effect.swift */ = {isa = PBXFileReference; lastKnownFileType = sourcecode.swift; path = Effect.swift; sourceTree = "<group>"; };
		4EECC5642806F261001058B3 /* Hooks.swift */ = {isa = PBXFileReference; lastKnownFileType = sourcecode.swift; path = Hooks.swift; sourceTree = "<group>"; };
		4EECC5662806F742001058B3 /* ContextSwitching.swift */ = {isa = PBXFileReference; lastKnownFileType = sourcecode.swift; path = ContextSwitching.swift; sourceTree = "<group>"; };
		4EECC5682806FCA1001058B3 /* TinyEffectTests.swift */ = {isa = PBXFileReference; lastKnownFileType = sourcecode.swift; path = TinyEffectTests.swift; sourceTree = "<group>"; };
		4EECC56A2806FD71001058B3 /* SimulateWait.swift */ = {isa = PBXFileReference; lastKnownFileType = sourcecode.swift; path = SimulateWait.swift; sourceTree = "<group>"; };
		4EECC56D28070AF3001058B3 /* Async.swift */ = {isa = PBXFileReference; lastKnownFileType = sourcecode.swift; path = Async.swift; sourceTree = "<group>"; };
		4EECC56F28070B1D001058B3 /* AsyncEnumTypeTests.swift */ = {isa = PBXFileReference; lastKnownFileType = sourcecode.swift; path = AsyncEnumTypeTests.swift; sourceTree = "<group>"; };
		OBJ_10 /* ScopeStore.swift */ = {isa = PBXFileReference; lastKnownFileType = sourcecode.swift; path = ScopeStore.swift; sourceTree = "<group>"; };
		OBJ_11 /* State.swift */ = {isa = PBXFileReference; lastKnownFileType = sourcecode.swift; path = State.swift; sourceTree = "<group>"; };
		OBJ_12 /* Tiny.swift */ = {isa = PBXFileReference; lastKnownFileType = sourcecode.swift; path = Tiny.swift; sourceTree = "<group>"; };
		OBJ_15 /* TinyStateTests.swift */ = {isa = PBXFileReference; lastKnownFileType = sourcecode.swift; path = TinyStateTests.swift; sourceTree = "<group>"; };
		OBJ_19 /* LICENSE */ = {isa = PBXFileReference; lastKnownFileType = text; path = LICENSE; sourceTree = "<group>"; };
		OBJ_20 /* README.md */ = {isa = PBXFileReference; lastKnownFileType = net.daringfireball.markdown; path = README.md; sourceTree = "<group>"; };
		OBJ_6 /* Package.swift */ = {isa = PBXFileReference; explicitFileType = sourcecode.swift; path = Package.swift; sourceTree = "<group>"; };
		OBJ_9 /* EffectValue.swift */ = {isa = PBXFileReference; lastKnownFileType = sourcecode.swift; path = EffectValue.swift; sourceTree = "<group>"; };
		"tinystore::TinyStore::Product" /* TinyStore.framework */ = {isa = PBXFileReference; lastKnownFileType = wrapper.framework; path = TinyStore.framework; sourceTree = BUILT_PRODUCTS_DIR; };
		"tinystore::TinyStoreTests::Product" /* TinyStoreTests.xctest */ = {isa = PBXFileReference; lastKnownFileType = file; path = TinyStoreTests.xctest; sourceTree = BUILT_PRODUCTS_DIR; };
/* End PBXFileReference section */

/* Begin PBXFrameworksBuildPhase section */
		OBJ_30 /* Frameworks */ = {
			isa = PBXFrameworksBuildPhase;
			buildActionMask = 0;
			files = (
			);
			runOnlyForDeploymentPostprocessing = 0;
		};
		OBJ_48 /* Frameworks */ = {
			isa = PBXFrameworksBuildPhase;
			buildActionMask = 0;
			files = (
				OBJ_49 /* TinyStore.framework in Frameworks */,
			);
			runOnlyForDeploymentPostprocessing = 0;
		};
/* End PBXFrameworksBuildPhase section */

/* Begin PBXGroup section */
		OBJ_13 /* Tests */ = {
			isa = PBXGroup;
			children = (
				OBJ_14 /* TinyStoreTests */,
			);
			name = Tests;
			sourceTree = SOURCE_ROOT;
		};
		OBJ_14 /* TinyStoreTests */ = {
			isa = PBXGroup;
			children = (
				OBJ_15 /* TinyStateTests.swift */,
				4EECC56F28070B1D001058B3 /* AsyncEnumTypeTests.swift */,
				4EECC5682806FCA1001058B3 /* TinyEffectTests.swift */,
				4EECC5662806F742001058B3 /* ContextSwitching.swift */,
				4EECC56A2806FD71001058B3 /* SimulateWait.swift */,
				4EC3ACE02809B08900187C15 /* ScopeStoreTests.swift */,
			);
			name = TinyStoreTests;
			path = Tests/TinyStoreTests;
			sourceTree = SOURCE_ROOT;
		};
		OBJ_16 /* Products */ = {
			isa = PBXGroup;
			children = (
				"tinystore::TinyStore::Product" /* TinyStore.framework */,
				"tinystore::TinyStoreTests::Product" /* TinyStoreTests.xctest */,
			);
			name = Products;
			sourceTree = BUILT_PRODUCTS_DIR;
		};
		OBJ_5 = {
			isa = PBXGroup;
			children = (
				OBJ_6 /* Package.swift */,
				OBJ_7 /* Sources */,
				OBJ_13 /* Tests */,
				OBJ_16 /* Products */,
				OBJ_19 /* LICENSE */,
				OBJ_20 /* README.md */,
			);
			sourceTree = "<group>";
		};
		OBJ_7 /* Sources */ = {
			isa = PBXGroup;
			children = (
				OBJ_8 /* TinyStore */,
			);
			name = Sources;
			sourceTree = SOURCE_ROOT;
		};
		OBJ_8 /* TinyStore */ = {
			isa = PBXGroup;
			children = (
				OBJ_12 /* Tiny.swift */,
				OBJ_9 /* EffectValue.swift */,
				4EECC56D28070AF3001058B3 /* Async.swift */,
				4EECC5642806F261001058B3 /* Hooks.swift */,
				4EECC5622806F1C5001058B3 /* Effect.swift */,
				OBJ_10 /* ScopeStore.swift */,
				OBJ_11 /* State.swift */,
				4EB06A9C280AA2B700180E0D /* ProperyWrappers.swift */,
			);
			name = TinyStore;
			path = Sources/TinyStore;
			sourceTree = SOURCE_ROOT;
		};
/* End PBXGroup section */

/* Begin PBXNativeTarget section */
		"tinystore::SwiftPMPackageDescription" /* TinyStorePackageDescription */ = {
			isa = PBXNativeTarget;
			buildConfigurationList = OBJ_32 /* Build configuration list for PBXNativeTarget "TinyStorePackageDescription" */;
			buildPhases = (
				OBJ_35 /* Sources */,
			);
			buildRules = (
			);
			dependencies = (
			);
			name = TinyStorePackageDescription;
			productName = TinyStorePackageDescription;
			productType = "com.apple.product-type.framework";
		};
		"tinystore::TinyStore" /* TinyStore */ = {
			isa = PBXNativeTarget;
			buildConfigurationList = OBJ_22 /* Build configuration list for PBXNativeTarget "TinyStore" */;
			buildPhases = (
				OBJ_25 /* Sources */,
				OBJ_30 /* Frameworks */,
			);
			buildRules = (
			);
			dependencies = (
			);
			name = TinyStore;
			productName = TinyStore;
			productReference = "tinystore::TinyStore::Product" /* TinyStore.framework */;
			productType = "com.apple.product-type.framework";
		};
		"tinystore::TinyStoreTests" /* TinyStoreTests */ = {
			isa = PBXNativeTarget;
			buildConfigurationList = OBJ_43 /* Build configuration list for PBXNativeTarget "TinyStoreTests" */;
			buildPhases = (
				OBJ_46 /* Sources */,
				OBJ_48 /* Frameworks */,
			);
			buildRules = (
			);
			dependencies = (
				OBJ_50 /* PBXTargetDependency */,
			);
			name = TinyStoreTests;
			productName = TinyStoreTests;
			productReference = "tinystore::TinyStoreTests::Product" /* TinyStoreTests.xctest */;
			productType = "com.apple.product-type.bundle.unit-test";
		};
/* End PBXNativeTarget section */

/* Begin PBXProject section */
		OBJ_1 /* Project object */ = {
			isa = PBXProject;
			attributes = {
				LastSwiftMigration = 9999;
				LastUpgradeCheck = 9999;
			};
			buildConfigurationList = OBJ_2 /* Build configuration list for PBXProject "TinyStore" */;
			compatibilityVersion = "Xcode 3.2";
			developmentRegion = en;
			hasScannedForEncodings = 0;
			knownRegions = (
				en,
			);
			mainGroup = OBJ_5;
			productRefGroup = OBJ_16 /* Products */;
			projectDirPath = "";
			projectRoot = "";
			targets = (
				"tinystore::TinyStore" /* TinyStore */,
				"tinystore::SwiftPMPackageDescription" /* TinyStorePackageDescription */,
				"tinystore::TinyStorePackageTests::ProductTarget" /* TinyStorePackageTests */,
				"tinystore::TinyStoreTests" /* TinyStoreTests */,
			);
		};
/* End PBXProject section */

/* Begin PBXSourcesBuildPhase section */
		OBJ_25 /* Sources */ = {
			isa = PBXSourcesBuildPhase;
			buildActionMask = 0;
			files = (
				4EB06A9D280AA2B700180E0D /* ProperyWrappers.swift in Sources */,
				4EECC5652806F261001058B3 /* Hooks.swift in Sources */,
				OBJ_26 /* EffectValue.swift in Sources */,
				OBJ_27 /* ScopeStore.swift in Sources */,
				OBJ_28 /* State.swift in Sources */,
				OBJ_29 /* Tiny.swift in Sources */,
				4EECC5632806F1C5001058B3 /* Effect.swift in Sources */,
			);
			runOnlyForDeploymentPostprocessing = 0;
		};
		OBJ_35 /* Sources */ = {
			isa = PBXSourcesBuildPhase;
			buildActionMask = 0;
			files = (
				OBJ_36 /* Package.swift in Sources */,
			);
			runOnlyForDeploymentPostprocessing = 0;
		};
		OBJ_46 /* Sources */ = {
			isa = PBXSourcesBuildPhase;
			buildActionMask = 0;
			files = (
				4EC3ACE12809B08900187C15 /* ScopeStoreTests.swift in Sources */,
				4EECC5672806F742001058B3 /* ContextSwitching.swift in Sources */,
				4EECC57028070B1D001058B3 /* AsyncEnumTypeTests.swift in Sources */,
				4EECC5692806FCA1001058B3 /* TinyEffectTests.swift in Sources */,
				4EECC56C2806FDBE001058B3 /* SimulateWait.swift in Sources */,
				4EECC56E28070AF3001058B3 /* Async.swift in Sources */,
				OBJ_47 /* TinyStateTests.swift in Sources */,
			);
			runOnlyForDeploymentPostprocessing = 0;
		};
/* End PBXSourcesBuildPhase section */

/* Begin PBXTargetDependency section */
		OBJ_41 /* PBXTargetDependency */ = {
			isa = PBXTargetDependency;
			target = "tinystore::TinyStoreTests" /* TinyStoreTests */;
			targetProxy = 4EECC5612806F1A4001058B3 /* PBXContainerItemProxy */;
		};
		OBJ_50 /* PBXTargetDependency */ = {
			isa = PBXTargetDependency;
			target = "tinystore::TinyStore" /* TinyStore */;
			targetProxy = 4EECC5602806F1A4001058B3 /* PBXContainerItemProxy */;
		};
/* End PBXTargetDependency section */

/* Begin XCBuildConfiguration section */
		OBJ_23 /* Debug */ = {
			isa = XCBuildConfiguration;
			buildSettings = {
				CURRENT_PROJECT_VERSION = 1;
				DRIVERKIT_DEPLOYMENT_TARGET = 19.0;
				ENABLE_TESTABILITY = YES;
				FRAMEWORK_SEARCH_PATHS = (
					"$(inherited)",
					"$(PLATFORM_DIR)/Developer/Library/Frameworks",
				);
				HEADER_SEARCH_PATHS = "$(inherited)";
				INFOPLIST_FILE = TinyStore.xcodeproj/TinyStore_Info.plist;
				IPHONEOS_DEPLOYMENT_TARGET = 13.0;
				LD_RUNPATH_SEARCH_PATHS = "$(inherited) $(TOOLCHAIN_DIR)/usr/lib/swift/macosx";
				MACOSX_DEPLOYMENT_TARGET = 10.15;
				OTHER_CFLAGS = "$(inherited)";
				OTHER_LDFLAGS = "$(inherited)";
				OTHER_SWIFT_FLAGS = "$(inherited)";
				PRODUCT_BUNDLE_IDENTIFIER = TinyStore;
				PRODUCT_MODULE_NAME = "$(TARGET_NAME:c99extidentifier)";
				PRODUCT_NAME = "$(TARGET_NAME:c99extidentifier)";
				SKIP_INSTALL = YES;
				SWIFT_ACTIVE_COMPILATION_CONDITIONS = "$(inherited)";
				SWIFT_VERSION = 5.0;
				TARGET_NAME = TinyStore;
				TVOS_DEPLOYMENT_TARGET = 9.0;
				WATCHOS_DEPLOYMENT_TARGET = 2.0;
			};
			name = Debug;
		};
		OBJ_24 /* Release */ = {
			isa = XCBuildConfiguration;
			buildSettings = {
				CURRENT_PROJECT_VERSION = 1;
				DRIVERKIT_DEPLOYMENT_TARGET = 19.0;
				ENABLE_TESTABILITY = YES;
				FRAMEWORK_SEARCH_PATHS = (
					"$(inherited)",
					"$(PLATFORM_DIR)/Developer/Library/Frameworks",
				);
				HEADER_SEARCH_PATHS = "$(inherited)";
				INFOPLIST_FILE = TinyStore.xcodeproj/TinyStore_Info.plist;
				IPHONEOS_DEPLOYMENT_TARGET = 13.0;
				LD_RUNPATH_SEARCH_PATHS = "$(inherited) $(TOOLCHAIN_DIR)/usr/lib/swift/macosx";
				MACOSX_DEPLOYMENT_TARGET = 10.15;
				OTHER_CFLAGS = "$(inherited)";
				OTHER_LDFLAGS = "$(inherited)";
				OTHER_SWIFT_FLAGS = "$(inherited)";
				PRODUCT_BUNDLE_IDENTIFIER = TinyStore;
				PRODUCT_MODULE_NAME = "$(TARGET_NAME:c99extidentifier)";
				PRODUCT_NAME = "$(TARGET_NAME:c99extidentifier)";
				SKIP_INSTALL = YES;
				SWIFT_ACTIVE_COMPILATION_CONDITIONS = "$(inherited)";
				SWIFT_VERSION = 5.0;
				TARGET_NAME = TinyStore;
				TVOS_DEPLOYMENT_TARGET = 9.0;
				WATCHOS_DEPLOYMENT_TARGET = 2.0;
			};
			name = Release;
		};
		OBJ_3 /* Debug */ = {
			isa = XCBuildConfiguration;
			buildSettings = {
				CLANG_ENABLE_OBJC_ARC = YES;
				COMBINE_HIDPI_IMAGES = YES;
				COPY_PHASE_STRIP = NO;
				DEBUG_INFORMATION_FORMAT = dwarf;
				DYLIB_INSTALL_NAME_BASE = "@rpath";
				ENABLE_NS_ASSERTIONS = YES;
				GCC_OPTIMIZATION_LEVEL = 0;
				GCC_PREPROCESSOR_DEFINITIONS = (
					"$(inherited)",
					"SWIFT_PACKAGE=1",
					"DEBUG=1",
				);
				MACOSX_DEPLOYMENT_TARGET = 10.10;
				ONLY_ACTIVE_ARCH = YES;
				OTHER_SWIFT_FLAGS = "$(inherited) -DXcode";
				PRODUCT_NAME = "$(TARGET_NAME)";
				SDKROOT = macosx;
				SUPPORTED_PLATFORMS = "$(AVAILABLE_PLATFORMS)";
				SUPPORTS_MACCATALYST = YES;
				SWIFT_ACTIVE_COMPILATION_CONDITIONS = "$(inherited) SWIFT_PACKAGE DEBUG";
				SWIFT_OPTIMIZATION_LEVEL = "-Onone";
				USE_HEADERMAP = NO;
			};
			name = Debug;
		};
		OBJ_33 /* Debug */ = {
			isa = XCBuildConfiguration;
			buildSettings = {
				LD = /usr/bin/true;
				OTHER_SWIFT_FLAGS = "-swift-version 5 -I $(TOOLCHAIN_DIR)/usr/lib/swift/pm/ManifestAPI -sdk /Applications/Xcode.app/Contents/Developer/Platforms/MacOSX.platform/Developer/SDKs/MacOSX12.3.sdk -package-description-version 5.6.0";
				SWIFT_VERSION = 5.0;
			};
			name = Debug;
		};
		OBJ_34 /* Release */ = {
			isa = XCBuildConfiguration;
			buildSettings = {
				LD = /usr/bin/true;
				OTHER_SWIFT_FLAGS = "-swift-version 5 -I $(TOOLCHAIN_DIR)/usr/lib/swift/pm/ManifestAPI -sdk /Applications/Xcode.app/Contents/Developer/Platforms/MacOSX.platform/Developer/SDKs/MacOSX12.3.sdk -package-description-version 5.6.0";
				SWIFT_VERSION = 5.0;
			};
			name = Release;
		};
		OBJ_39 /* Debug */ = {
			isa = XCBuildConfiguration;
			buildSettings = {
			};
			name = Debug;
		};
		OBJ_4 /* Release */ = {
			isa = XCBuildConfiguration;
			buildSettings = {
				CLANG_ENABLE_OBJC_ARC = YES;
				COMBINE_HIDPI_IMAGES = YES;
				COPY_PHASE_STRIP = YES;
				DEBUG_INFORMATION_FORMAT = "dwarf-with-dsym";
				DYLIB_INSTALL_NAME_BASE = "@rpath";
				GCC_OPTIMIZATION_LEVEL = s;
				GCC_PREPROCESSOR_DEFINITIONS = (
					"$(inherited)",
					"SWIFT_PACKAGE=1",
				);
				MACOSX_DEPLOYMENT_TARGET = 10.10;
				OTHER_SWIFT_FLAGS = "$(inherited) -DXcode";
				PRODUCT_NAME = "$(TARGET_NAME)";
				SDKROOT = macosx;
				SUPPORTED_PLATFORMS = "$(AVAILABLE_PLATFORMS)";
				SUPPORTS_MACCATALYST = YES;
				SWIFT_ACTIVE_COMPILATION_CONDITIONS = "$(inherited) SWIFT_PACKAGE";
				SWIFT_OPTIMIZATION_LEVEL = "-Owholemodule";
				USE_HEADERMAP = NO;
			};
			name = Release;
		};
		OBJ_40 /* Release */ = {
			isa = XCBuildConfiguration;
			buildSettings = {
			};
			name = Release;
		};
		OBJ_44 /* Debug */ = {
			isa = XCBuildConfiguration;
			buildSettings = {
				CLANG_ENABLE_MODULES = YES;
				CURRENT_PROJECT_VERSION = 1;
				DRIVERKIT_DEPLOYMENT_TARGET = 19.0;
				EMBEDDED_CONTENT_CONTAINS_SWIFT = YES;
				FRAMEWORK_SEARCH_PATHS = (
					"$(inherited)",
					"$(PLATFORM_DIR)/Developer/Library/Frameworks",
				);
				HEADER_SEARCH_PATHS = "$(inherited)";
				INFOPLIST_FILE = TinyStore.xcodeproj/TinyStoreTests_Info.plist;
				IPHONEOS_DEPLOYMENT_TARGET = 14.0;
				LD_RUNPATH_SEARCH_PATHS = "$(inherited) @loader_path/../Frameworks @loader_path/Frameworks";
				MACOSX_DEPLOYMENT_TARGET = 11.0;
				OTHER_CFLAGS = "$(inherited)";
				OTHER_LDFLAGS = "$(inherited)";
				OTHER_SWIFT_FLAGS = "$(inherited)";
				SWIFT_ACTIVE_COMPILATION_CONDITIONS = "$(inherited)";
				SWIFT_VERSION = 5.0;
				TARGET_NAME = TinyStoreTests;
				TVOS_DEPLOYMENT_TARGET = 14.0;
				WATCHOS_DEPLOYMENT_TARGET = 7.0;
			};
			name = Debug;
		};
		OBJ_45 /* Release */ = {
			isa = XCBuildConfiguration;
			buildSettings = {
				CLANG_ENABLE_MODULES = YES;
				CURRENT_PROJECT_VERSION = 1;
				DRIVERKIT_DEPLOYMENT_TARGET = 19.0;
				EMBEDDED_CONTENT_CONTAINS_SWIFT = YES;
				FRAMEWORK_SEARCH_PATHS = (
					"$(inherited)",
					"$(PLATFORM_DIR)/Developer/Library/Frameworks",
				);
				HEADER_SEARCH_PATHS = "$(inherited)";
				INFOPLIST_FILE = TinyStore.xcodeproj/TinyStoreTests_Info.plist;
				IPHONEOS_DEPLOYMENT_TARGET = 14.0;
				LD_RUNPATH_SEARCH_PATHS = "$(inherited) @loader_path/../Frameworks @loader_path/Frameworks";
				MACOSX_DEPLOYMENT_TARGET = 11.0;
				OTHER_CFLAGS = "$(inherited)";
				OTHER_LDFLAGS = "$(inherited)";
				OTHER_SWIFT_FLAGS = "$(inherited)";
				SWIFT_ACTIVE_COMPILATION_CONDITIONS = "$(inherited)";
				SWIFT_VERSION = 5.0;
				TARGET_NAME = TinyStoreTests;
				TVOS_DEPLOYMENT_TARGET = 14.0;
				WATCHOS_DEPLOYMENT_TARGET = 7.0;
			};
			name = Release;
		};
/* End XCBuildConfiguration section */

/* Begin XCConfigurationList section */
		OBJ_2 /* Build configuration list for PBXProject "TinyStore" */ = {
			isa = XCConfigurationList;
			buildConfigurations = (
				OBJ_3 /* Debug */,
				OBJ_4 /* Release */,
			);
			defaultConfigurationIsVisible = 0;
			defaultConfigurationName = Release;
		};
		OBJ_22 /* Build configuration list for PBXNativeTarget "TinyStore" */ = {
			isa = XCConfigurationList;
			buildConfigurations = (
				OBJ_23 /* Debug */,
				OBJ_24 /* Release */,
			);
			defaultConfigurationIsVisible = 0;
			defaultConfigurationName = Release;
		};
		OBJ_32 /* Build configuration list for PBXNativeTarget "TinyStorePackageDescription" */ = {
			isa = XCConfigurationList;
			buildConfigurations = (
				OBJ_33 /* Debug */,
				OBJ_34 /* Release */,
			);
			defaultConfigurationIsVisible = 0;
			defaultConfigurationName = Release;
		};
		OBJ_38 /* Build configuration list for PBXAggregateTarget "TinyStorePackageTests" */ = {
			isa = XCConfigurationList;
			buildConfigurations = (
				OBJ_39 /* Debug */,
				OBJ_40 /* Release */,
			);
			defaultConfigurationIsVisible = 0;
			defaultConfigurationName = Release;
		};
		OBJ_43 /* Build configuration list for PBXNativeTarget "TinyStoreTests" */ = {
			isa = XCConfigurationList;
			buildConfigurations = (
				OBJ_44 /* Debug */,
				OBJ_45 /* Release */,
			);
			defaultConfigurationIsVisible = 0;
			defaultConfigurationName = Release;
		};
/* End XCConfigurationList section */
	};
	rootObject = OBJ_1 /* Project object */;
}
